// !$*UTF8*$!
{
	archiveVersion = 1;
	classes = {
	};
	objectVersion = 48;
	objects = {

/* Begin PBXBuildFile section */
		1F573AC820FF932B00F49A3B /* AppDelegate.swift in Sources */ = {isa = PBXBuildFile; fileRef = 1F573AC720FF932B00F49A3B /* AppDelegate.swift */; };
		1F573ACA20FF932B00F49A3B /* MainVC.swift in Sources */ = {isa = PBXBuildFile; fileRef = 1F573AC920FF932B00F49A3B /* MainVC.swift */; };
		1F573ACD20FF932B00F49A3B /* Main.storyboard in Resources */ = {isa = PBXBuildFile; fileRef = 1F573ACB20FF932B00F49A3B /* Main.storyboard */; };
		1F573ACF20FF932B00F49A3B /* Assets.xcassets in Resources */ = {isa = PBXBuildFile; fileRef = 1F573ACE20FF932B00F49A3B /* Assets.xcassets */; };
		1F573AD220FF932B00F49A3B /* LaunchScreen.storyboard in Resources */ = {isa = PBXBuildFile; fileRef = 1F573AD020FF932B00F49A3B /* LaunchScreen.storyboard */; };
		1F573ADD20FF9F0300F49A3B /* still time.ttf in Resources */ = {isa = PBXBuildFile; fileRef = 1F573ADC20FF9F0200F49A3B /* still time.ttf */; };
		1F573AE020FFA41F00F49A3B /* VideoVC.swift in Sources */ = {isa = PBXBuildFile; fileRef = 1F573ADF20FFA41F00F49A3B /* VideoVC.swift */; };
		1FA0D7C420FFC9A300F2309E /* PartyCell.swift in Sources */ = {isa = PBXBuildFile; fileRef = 1FA0D7C320FFC9A300F2309E /* PartyCell.swift */; };
		1FA0D7C620FFCC0700F2309E /* PartyRock.swift in Sources */ = {isa = PBXBuildFile; fileRef = 1FA0D7C520FFCC0700F2309E /* PartyRock.swift */; };
/* End PBXBuildFile section */

/* Begin PBXFileReference section */
		1F573AC420FF932B00F49A3B /* PartyRockApp.app */ = {isa = PBXFileReference; explicitFileType = wrapper.application; includeInIndex = 0; path = PartyRockApp.app; sourceTree = BUILT_PRODUCTS_DIR; };
		1F573AC720FF932B00F49A3B /* AppDelegate.swift */ = {isa = PBXFileReference; lastKnownFileType = sourcecode.swift; path = AppDelegate.swift; sourceTree = "<group>"; };
		1F573AC920FF932B00F49A3B /* MainVC.swift */ = {isa = PBXFileReference; lastKnownFileType = sourcecode.swift; path = MainVC.swift; sourceTree = "<group>"; };
		1F573ACC20FF932B00F49A3B /* Base */ = {isa = PBXFileReference; lastKnownFileType = file.storyboard; name = Base; path = Base.lproj/Main.storyboard; sourceTree = "<group>"; };
		1F573ACE20FF932B00F49A3B /* Assets.xcassets */ = {isa = PBXFileReference; lastKnownFileType = folder.assetcatalog; path = Assets.xcassets; sourceTree = "<group>"; };
		1F573AD120FF932B00F49A3B /* Base */ = {isa = PBXFileReference; lastKnownFileType = file.storyboard; name = Base; path = Base.lproj/LaunchScreen.storyboard; sourceTree = "<group>"; };
		1F573AD320FF932B00F49A3B /* Info.plist */ = {isa = PBXFileReference; lastKnownFileType = text.plist.xml; path = Info.plist; sourceTree = "<group>"; };
		1F573ADC20FF9F0200F49A3B /* still time.ttf */ = {isa = PBXFileReference; lastKnownFileType = file; path = "still time.ttf"; sourceTree = "<group>"; };
		1F573ADF20FFA41F00F49A3B /* VideoVC.swift */ = {isa = PBXFileReference; lastKnownFileType = sourcecode.swift; path = VideoVC.swift; sourceTree = "<group>"; };
		1FA0D7C320FFC9A300F2309E /* PartyCell.swift */ = {isa = PBXFileReference; lastKnownFileType = sourcecode.swift; path = PartyCell.swift; sourceTree = "<group>"; };
		1FA0D7C520FFCC0700F2309E /* PartyRock.swift */ = {isa = PBXFileReference; lastKnownFileType = sourcecode.swift; path = PartyRock.swift; sourceTree = "<group>"; };
/* End PBXFileReference section */

/* Begin PBXFrameworksBuildPhase section */
		1F573AC120FF932B00F49A3B /* Frameworks */ = {
			isa = PBXFrameworksBuildPhase;
			buildActionMask = 2147483647;
			files = (
			);
			runOnlyForDeploymentPostprocessing = 0;
		};
/* End PBXFrameworksBuildPhase section */

/* Begin PBXGroup section */
		1F573ABB20FF932B00F49A3B = {
			isa = PBXGroup;
			children = (
				1F573AC620FF932B00F49A3B /* PartyRockApp */,
				1F573AC520FF932B00F49A3B /* Products */,
			);
			sourceTree = "<group>";
		};
		1F573AC520FF932B00F49A3B /* Products */ = {
			isa = PBXGroup;
			children = (
				1F573AC420FF932B00F49A3B /* PartyRockApp.app */,
			);
			name = Products;
			sourceTree = "<group>";
		};
		1F573AC620FF932B00F49A3B /* PartyRockApp */ = {
			isa = PBXGroup;
			children = (
				1F573ADE20FF9F1C00F49A3B /* Files */,
				1F573ADB20FF941F00F49A3B /* Model */,
				1F573ADA20FF941000F49A3B /* View */,
				1F573AD920FF93E800F49A3B /* Controller */,
				1F573AC720FF932B00F49A3B /* AppDelegate.swift */,
				1F573ACB20FF932B00F49A3B /* Main.storyboard */,
				1F573ACE20FF932B00F49A3B /* Assets.xcassets */,
				1F573AD020FF932B00F49A3B /* LaunchScreen.storyboard */,
				1F573AD320FF932B00F49A3B /* Info.plist */,
			);
			path = PartyRockApp;
			sourceTree = "<group>";
		};
		1F573AD920FF93E800F49A3B /* Controller */ = {
			isa = PBXGroup;
			children = (
				1F573AC920FF932B00F49A3B /* MainVC.swift */,
				1F573ADF20FFA41F00F49A3B /* VideoVC.swift */,
			);
			path = Controller;
			sourceTree = "<group>";
		};
		1F573ADA20FF941000F49A3B /* View */ = {
			isa = PBXGroup;
			children = (
				1FA0D7C320FFC9A300F2309E /* PartyCell.swift */,
			);
			path = View;
			sourceTree = "<group>";
		};
		1F573ADB20FF941F00F49A3B /* Model */ = {
			isa = PBXGroup;
			children = (
				1FA0D7C520FFCC0700F2309E /* PartyRock.swift */,
			);
			path = Model;
			sourceTree = "<group>";
		};
		1F573ADE20FF9F1C00F49A3B /* Files */ = {
			isa = PBXGroup;
			children = (
				1F573ADC20FF9F0200F49A3B /* still time.ttf */,
			);
			path = Files;
			sourceTree = "<group>";
		};
/* End PBXGroup section */

/* Begin PBXNativeTarget section */
		1F573AC320FF932B00F49A3B /* PartyRockApp */ = {
			isa = PBXNativeTarget;
			buildConfigurationList = 1F573AD620FF932B00F49A3B /* Build configuration list for PBXNativeTarget "PartyRockApp" */;
			buildPhases = (
				1F573AC020FF932B00F49A3B /* Sources */,
				1F573AC120FF932B00F49A3B /* Frameworks */,
				1F573AC220FF932B00F49A3B /* Resources */,
			);
			buildRules = (
			);
			dependencies = (
			);
			name = PartyRockApp;
			productName = PartyRockApp;
			productReference = 1F573AC420FF932B00F49A3B /* PartyRockApp.app */;
			productType = "com.apple.product-type.application";
		};
/* End PBXNativeTarget section */

/* Begin PBXProject section */
		1F573ABC20FF932B00F49A3B /* Project object */ = {
			isa = PBXProject;
			attributes = {
				LastSwiftUpdateCheck = 0910;
				LastUpgradeCheck = 0910;
				ORGANIZATIONNAME = "Andreea Goder";
				TargetAttributes = {
					1F573AC320FF932B00F49A3B = {
						CreatedOnToolsVersion = 9.1;
						ProvisioningStyle = Automatic;
					};
				};
			};
			buildConfigurationList = 1F573ABF20FF932B00F49A3B /* Build configuration list for PBXProject "PartyRockApp" */;
			compatibilityVersion = "Xcode 8.0";
			developmentRegion = en;
			hasScannedForEncodings = 0;
			knownRegions = (
				en,
				Base,
			);
			mainGroup = 1F573ABB20FF932B00F49A3B;
			productRefGroup = 1F573AC520FF932B00F49A3B /* Products */;
			projectDirPath = "";
			projectRoot = "";
			targets = (
				1F573AC320FF932B00F49A3B /* PartyRockApp */,
			);
		};
/* End PBXProject section */

/* Begin PBXResourcesBuildPhase section */
		1F573AC220FF932B00F49A3B /* Resources */ = {
			isa = PBXResourcesBuildPhase;
			buildActionMask = 2147483647;
			files = (
				1F573AD220FF932B00F49A3B /* LaunchScreen.storyboard in Resources */,
				1F573ADD20FF9F0300F49A3B /* still time.ttf in Resources */,
				1F573ACF20FF932B00F49A3B /* Assets.xcassets in Resources */,
				1F573ACD20FF932B00F49A3B /* Main.storyboard in Resources */,
			);
			runOnlyForDeploymentPostprocessing = 0;
		};
/* End PBXResourcesBuildPhase section */

/* Begin PBXSourcesBuildPhase section */
		1F573AC020FF932B00F49A3B /* Sources */ = {
			isa = PBXSourcesBuildPhase;
			buildActionMask = 2147483647;
			files = (
				1F573AE020FFA41F00F49A3B /* VideoVC.swift in Sources */,
				1F573ACA20FF932B00F49A3B /* MainVC.swift in Sources */,
				1FA0D7C620FFCC0700F2309E /* PartyRock.swift in Sources */,
				1FA0D7C420FFC9A300F2309E /* PartyCell.swift in Sources */,
				1F573AC820FF932B00F49A3B /* AppDelegate.swift in Sources */,
			);
			runOnlyForDeploymentPostprocessing = 0;
		};
/* End PBXSourcesBuildPhase section */

/* Begin PBXVariantGroup section */
		1F573ACB20FF932B00F49A3B /* Main.storyboard */ = {
			isa = PBXVariantGroup;
			children = (
				1F573ACC20FF932B00F49A3B /* Base */,
			);
			name = Main.storyboard;
			sourceTree = "<group>";
		};
		1F573AD020FF932B00F49A3B /* LaunchScreen.storyboard */ = {
			isa = PBXVariantGroup;
			children = (
				1F573AD120FF932B00F49A3B /* Base */,
			);
			name = LaunchScreen.storyboard;
			sourceTree = "<group>";
		};
/* End PBXVariantGroup section */

/* Begin XCBuildConfiguration section */
		1F573AD420FF932B00F49A3B /* Debug */ = {
			isa = XCBuildConfiguration;
			buildSettings = {
				ALWAYS_SEARCH_USER_PATHS = NO;
				CLANG_ANALYZER_NONNULL = YES;
				CLANG_ANALYZER_NUMBER_OBJECT_CONVERSION = YES_AGGRESSIVE;
				CLANG_CXX_LANGUAGE_STANDARD = "gnu++14";
				CLANG_CXX_LIBRARY = "libc++";
				CLANG_ENABLE_MODULES = YES;
				CLANG_ENABLE_OBJC_ARC = YES;
				CLANG_WARN_BLOCK_CAPTURE_AUTORELEASING = YES;
				CLANG_WARN_BOOL_CONVERSION = YES;
				CLANG_WARN_COMMA = YES;
				CLANG_WARN_CONSTANT_CONVERSION = YES;
				CLANG_WARN_DIRECT_OBJC_ISA_USAGE = YES_ERROR;
				CLANG_WARN_DOCUMENTATION_COMMENTS = YES;
				CLANG_WARN_EMPTY_BODY = YES;
				CLANG_WARN_ENUM_CONVERSION = YES;
				CLANG_WARN_INFINITE_RECURSION = YES;
				CLANG_WARN_INT_CONVERSION = YES;
				CLANG_WARN_NON_LITERAL_NULL_CONVERSION = YES;
				CLANG_WARN_OBJC_LITERAL_CONVERSION = YES;
				CLANG_WARN_OBJC_ROOT_CLASS = YES_ERROR;
				CLANG_WARN_RANGE_LOOP_ANALYSIS = YES;
				CLANG_WARN_STRICT_PROTOTYPES = YES;
				CLANG_WARN_SUSPICIOUS_MOVE = YES;
				CLANG_WARN_UNGUARDED_AVAILABILITY = YES_AGGRESSIVE;
				CLANG_WARN_UNREACHABLE_CODE = YES;
				CLANG_WARN__DUPLICATE_METHOD_MATCH = YES;
				CODE_SIGN_IDENTITY = "iPhone Developer";
				COPY_PHASE_STRIP = NO;
				DEBUG_INFORMATION_FORMAT = dwarf;
				ENABLE_STRICT_OBJC_MSGSEND = YES;
				ENABLE_TESTABILITY = YES;
				GCC_C_LANGUAGE_STANDARD = gnu11;
				GCC_DYNAMIC_NO_PIC = NO;
				GCC_NO_COMMON_BLOCKS = YES;
				GCC_OPTIMIZATION_LEVEL = 0;
				GCC_PREPROCESSOR_DEFINITIONS = (
					"DEBUG=1",
					"$(inherited)",
				);
				GCC_WARN_64_TO_32_BIT_CONVERSION = YES;
				GCC_WARN_ABOUT_RETURN_TYPE = YES_ERROR;
				GCC_WARN_UNDECLARED_SELECTOR = YES;
				GCC_WARN_UNINITIALIZED_AUTOS = YES_AGGRESSIVE;
				GCC_WARN_UNUSED_FUNCTION = YES;
				GCC_WARN_UNUSED_VARIABLE = YES;
				IPHONEOS_DEPLOYMENT_TARGET = 11.1;
				MTL_ENABLE_DEBUG_INFO = YES;
				ONLY_ACTIVE_ARCH = YES;
				SDKROOT = iphoneos;
				SWIFT_ACTIVE_COMPILATION_CONDITIONS = DEBUG;
				SWIFT_OPTIMIZATION_LEVEL = "-Onone";
			};
			name = Debug;
		};
		1F573AD520FF932B00F49A3B /* Release */ = {
			isa = XCBuildConfiguration;
			buildSettings = {
				ALWAYS_SEARCH_USER_PATHS = NO;
				CLANG_ANALYZER_NONNULL = YES;
				CLANG_ANALYZER_NUMBER_OBJECT_CONVERSION = YES_AGGRESSIVE;
				CLANG_CXX_LANGUAGE_STANDARD = "gnu++14";
				CLANG_CXX_LIBRARY = "libc++";
				CLANG_ENABLE_MODULES = YES;
				CLANG_ENABLE_OBJC_ARC = YES;
				CLANG_WARN_BLOCK_CAPTURE_AUTORELEASING = YES;
				CLANG_WARN_BOOL_CONVERSION = YES;
				CLANG_WARN_COMMA = YES;
				CLANG_WARN_CONSTANT_CONVERSION = YES;
				CLANG_WARN_DIRECT_OBJC_ISA_USAGE = YES_ERROR;
				CLANG_WARN_DOCUMENTATION_COMMENTS = YES;
				CLANG_WARN_EMPTY_BODY = YES;
				CLANG_WARN_ENUM_CONVERSION = YES;
				CLANG_WARN_INFINITE_RECURSION = YES;
				CLANG_WARN_INT_CONVERSION = YES;
				CLANG_WARN_NON_LITERAL_NULL_CONVERSION = YES;
				CLANG_WARN_OBJC_LITERAL_CONVERSION = YES;
				CLANG_WARN_OBJC_ROOT_CLASS = YES_ERROR;
				CLANG_WARN_RANGE_LOOP_ANALYSIS = YES;
				CLANG_WARN_STRICT_PROTOTYPES = YES;
				CLANG_WARN_SUSPICIOUS_MOVE = YES;
				CLANG_WARN_UNGUARDED_AVAILABILITY = YES_AGGRESSIVE;
				CLANG_WARN_UNREACHABLE_CODE = YES;
				CLANG_WARN__DUPLICATE_METHOD_MATCH = YES;
				CODE_SIGN_IDENTITY = "iPhone Developer";
				COPY_PHASE_STRIP = NO;
				DEBUG_INFORMATION_FORMAT = "dwarf-with-dsym";
				ENABLE_NS_ASSERTIONS = NO;
				ENABLE_STRICT_OBJC_MSGSEND = YES;
				GCC_C_LANGUAGE_STANDARD = gnu11;
				GCC_NO_COMMON_BLOCKS = YES;
				GCC_WARN_64_TO_32_BIT_CONVERSION = YES;
				GCC_WARN_ABOUT_RETURN_TYPE = YES_ERROR;
				GCC_WARN_UNDECLARED_SELECTOR = YES;
				GCC_WARN_UNINITIALIZED_AUTOS = YES_AGGRESSIVE;
				GCC_WARN_UNUSED_FUNCTION = YES;
				GCC_WARN_UNUSED_VARIABLE = YES;
				IPHONEOS_DEPLOYMENT_TARGET = 11.1;
				MTL_ENABLE_DEBUG_INFO = NO;
				SDKROOT = iphoneos;
				SWIFT_OPTIMIZATION_LEVEL = "-Owholemodule";
				VALIDATE_PRODUCT = YES;
			};
			name = Release;
		};
		1F573AD720FF932B00F49A3B /* Debug */ = {
			isa = XCBuildConfiguration;
			buildSettings = {
				ASSETCATALOG_COMPILER_APPICON_NAME = AppIcon;
				CODE_SIGN_STYLE = Automatic;
				DEVELOPMENT_TEAM = LB8WE2HV8K;
				INFOPLIST_FILE = PartyRockApp/Info.plist;
				LD_RUNPATH_SEARCH_PATHS = "$(inherited) @executable_path/Frameworks";
				PRODUCT_BUNDLE_IDENTIFIER = iOSDev.PartyRockApp;
				PRODUCT_NAME = "$(TARGET_NAME)";
				SWIFT_VERSION = 4.0;
				TARGETED_DEVICE_FAMILY = "1,2";
			};
			name = Debug;
		};
		1F573AD820FF932B00F49A3B /* Release */ = {
			isa = XCBuildConfiguration;
			buildSettings = {
				ASSETCATALOG_COMPILER_APPICON_NAME = AppIcon;
				CODE_SIGN_STYLE = Automatic;
				DEVELOPMENT_TEAM = LB8WE2HV8K;
				INFOPLIST_FILE = PartyRockApp/Info.plist;
				LD_RUNPATH_SEARCH_PATHS = "$(inherited) @executable_path/Frameworks";
				PRODUCT_BUNDLE_IDENTIFIER = iOSDev.PartyRockApp;
				PRODUCT_NAME = "$(TARGET_NAME)";
				SWIFT_VERSION = 4.0;
				TARGETED_DEVICE_FAMILY = "1,2";
			};
			name = Release;
		};
/* End XCBuildConfiguration section */

/* Begin XCConfigurationList section */
		1F573ABF20FF932B00F49A3B /* Build configuration list for PBXProject "PartyRockApp" */ = {
			isa = XCConfigurationList;
			buildConfigurations = (
				1F573AD420FF932B00F49A3B /* Debug */,
				1F573AD520FF932B00F49A3B /* Release */,
			);
			defaultConfigurationIsVisible = 0;
			defaultConfigurationName = Release;
		};
		1F573AD620FF932B00F49A3B /* Build configuration list for PBXNativeTarget "PartyRockApp" */ = {
			isa = XCConfigurationList;
			buildConfigurations = (
				1F573AD720FF932B00F49A3B /* Debug */,
				1F573AD820FF932B00F49A3B /* Release */,
			);
			defaultConfigurationIsVisible = 0;
			defaultConfigurationName = Release;
		};
/* End XCConfigurationList section */
	};
	rootObject = 1F573ABC20FF932B00F49A3B /* Project object */;
}
